
Microsoft Visual Studio Solution File, Format Version 12.00
# Visual Studio Version 16
VisualStudioVersion = 16.0.29418.71
MinimumVisualStudioVersion = 10.0.40219.1
Project("{9A19103F-16F7-4668-BE54-9A1E7A4F7556}") = "WorkoutGen", "WorkoutGen\WorkoutGen.csproj", "{BABBFA60-85FE-4B65-A992-CDBA7B45C74A}"
EndProject
Global
	GlobalSection(SolutionConfigurationPlatforms) = preSolution
		Debug|Any CPU = Debug|Any CPU
		Release|Any CPU = Release|Any CPU
	EndGlobalSection
	GlobalSection(ProjectConfigurationPlatforms) = postSolution
		{BABBFA60-85FE-4B65-A992-CDBA7B45C74A}.Debug|Any CPU.ActiveCfg = Debug|Any CPU
		{BABBFA60-85FE-4B65-A992-CDBA7B45C74A}.Debug|Any CPU.Build.0 = Debug|Any CPU
		{BABBFA60-85FE-4B65-A992-CDBA7B45C74A}.Release|Any CPU.ActiveCfg = Release|Any CPU
		{BABBFA60-85FE-4B65-A992-CDBA7B45C74A}.Release|Any CPU.Build.0 = Release|Any CPU
	EndGlobalSection
	GlobalSection(SolutionProperties) = preSolution
		HideSolutionNode = FALSE
	EndGlobalSection
	GlobalSection(ExtensibilityGlobals) = postSolution
		SolutionGuid = {7EB44175-5DE6-405F-B791-67380F5DBD85}
	EndGlobalSection
EndGlobal
